github.com/coder/acp-go-sdk v0.13.5 h1:LI9jq5xon7xslaYlnoktvTVyDlE37yIk2daT7N9ASYk=
github.com/coder/acp-go-sdk v0.13.5/go.mod h1:yKzM/3R9uELp4+nBAwwtkS0aN1FOFjo11CNPy37yFko=
github.com/sashabaranov/go-openai v1.41.2 h1:vfPRBZNMpnqu8ELsclWcAvF19lDNgh1t6TVfFFOPiSM=
github.com/sashabaranov/go-openai v1.41.2/go.mod h1:lj5b/K+zjTSFxVLijLSTDZuP7adOgerWeFyZLUhAKRg=
